---
lockfileVersion: '9.0'

importers:

  .:
    configDependencies: {}
    packageManagerDependencies:
      pnpm:
        specifier: 12.7.0
        version: 12.7.0

packages:

  '@pnpm/exe.android-arm64@12.7.0':
    resolution: {integrity: sha512-gJTCsUbazAEbIMF9l2t+z3YWHCI0AiThtBsxU6FrxXK0tZsBRZZWpleLs0uY8Dy6V0RcPEusn3UyuAyFn3dkeA==}
    cpu: [arm64]
    os: [android]

  '@pnpm/exe.android-x64@12.7.0':
    resolution: {integrity: sha512-7187pEwqAwbrmXesKiCXfmQUARVacBooJDTWqL+9olZh7sZwnECq5pB/KzuYZbnmdHZUkBWRyvChzKojmtSE7Q==}
    cpu: [x64]
    os: [android]

  '@pnpm/exe.darwin-arm64@12.7.0':
    resolution: {integrity: sha512-ppzJ2ln60/Oq0BJpy5bHqwZb0q1Trg/+xb7myxjaIgZfaybwnH3OuFX5w8PPQdRrjYwljgygYLC/7LMtZc/iuQ==}
    cpu: [arm64]
    os: [darwin]

  '@pnpm/exe.darwin-x64@12.7.0':
    resolution: {integrity: sha512-+qxS/A5O4rFD7T+qqWnWjESbKVAzKsh9LubDHt9xZ34AbwVk3ZFcAW/7vX5R1jqq+uGgziMPtcVJKc5CICVHCQ==}
    cpu: [x64]
    os: [darwin]

  '@pnpm/exe.freebsd-x64@12.7.0':
    resolution: {integrity: sha512-uv0x93hoecec7IlT/FCwQe2siStGspG7G3EZQtIHH2n3ClDzbsQcEiW1QbMoAyZoLVrR7Pm9ovTndUCRcZ5y1g==}
    cpu: [x64]
    os: [freebsd]

  '@pnpm/exe.linux-arm64-musl@12.7.0':
    resolution: {integrity: sha512-XZlRiVL/l8mOhPyaocElpaHq6rKHDvkP/oyo1hHgUePX+XzBtQ0KLEgkBLZbk1/f5yGWimQTPmBNvzaYzQLdOg==}
    cpu: [arm64]
    os: [linux]
    libc: [musl]

  '@pnpm/exe.linux-arm64@12.7.0':
    resolution: {integrity: sha512-vwPQU+Bt3qXMhzjcmMa25W3yP8OyF9yFxHoojr10QJm9lRUmz/SwtM2oHbHKZKkyid/ngmMARXsChFyuRQig5w==}
    cpu: [arm64]
    os: [linux]
    libc: [glibc]

  '@pnpm/exe.linux-ppc64@12.7.0':
    resolution: {integrity: sha512-qzE3TEXYLw0gR2ytclbsGeQ7cA981GeTHMAn86cw9+Jn8nQNa8LZ5ZzCxKRXtGvkEN/FDc0oyGdtILT4JHSStg==}
    cpu: [ppc64]
    os: [linux]
    libc: [glibc]

  '@pnpm/exe.linux-riscv64@12.7.0':
    resolution: {integrity: sha512-bTw09mf/v+AuftWePL7pO3WZR0p52A9flr8zpGlcvxKUAKRTE2BDOVeZsWk/8f01ZaO2/0ECtEds6CKfec591w==}
    cpu: [riscv64]
    os: [linux]
    libc: [glibc]

  '@pnpm/exe.linux-s390x@12.7.0':
    resolution: {integrity: sha512-frVk6Ilh2sKVs+CINnJCp3+kiGRi/cE3DARmFftljlrGX09livS4UU37uc7EsAxI4Kbt0WZjeTVT2q6XbVJCrA==}
    cpu: [s390x]
    os: [linux]
    libc: [glibc]

  '@pnpm/exe.linux-x64-musl@12.7.0':
    resolution: {integrity: sha512-AhoNY7xkhUb0GLqjrtxmxKZsoNM1Jea/VH/ypxt9nyBA5gXJGXo6uM+2Pode3vrWf1rSiVGicokkyEZLkDKf+A==}
    cpu: [x64]
    os: [linux]
    libc: [musl]

  '@pnpm/exe.linux-x64@12.7.0':
    resolution: {integrity: sha512-gGW7NJFmr33IJ6KZu+1w90KBtFxMVf/+AUG8aKJpy4v6dRnUd5v84PcH2ejUuxp/fm3zM0IY6h9LwcYPu9dxdg==}
    cpu: [x64]
    os: [linux]
    libc: [glibc]

  '@pnpm/exe.win32-arm64@12.7.0':
    resolution: {integrity: sha512-cI+aZwzOCQc7hQwCA1BydiM3FpxVHdfdMzI3jOG7MQ0d8NHvk5MrdKTTKiKJH2L5VdwWoWHFXbnvhCEyN/fVsg==}
    cpu: [arm64]
    os: [win32]

  '@pnpm/exe.win32-x64@12.7.0':
    resolution: {integrity: sha512-+eZ6gFsDbdyuw7GO7amdRh+GpjrQOIe9qjjOmeznWeEsfEeD8GNSrRXtbWe/zpPcxheexAnO7UCeavkhHLVFWg==}
    cpu: [x64]
    os: [win32]

  pnpm@12.7.0:
    resolution: {integrity: sha512-nFZHfjYAaNbp3KapLvtORrPcWlL86/PYTXi5c2wN7ViaVhYhpS9oIZp6OfrMY83AecMibvnJ1fArefdOaagHtg==}
    engines: {node: '>=18.*'}
    hasBin: true

snapshots:

  '@pnpm/exe.android-arm64@12.7.0':
    optional: true

  '@pnpm/exe.android-x64@12.7.0':
    optional: true

  '@pnpm/exe.darwin-arm64@12.7.0':
    optional: true

  '@pnpm/exe.darwin-x64@12.7.0':
    optional: true

  '@pnpm/exe.freebsd-x64@12.7.0':
    optional: true

  '@pnpm/exe.linux-arm64-musl@12.7.0':
    optional: true

  '@pnpm/exe.linux-arm64@12.7.0':
    optional: true

  '@pnpm/exe.linux-ppc64@12.7.0':
    optional: true

  '@pnpm/exe.linux-riscv64@12.7.0':
    optional: true

  '@pnpm/exe.linux-s390x@12.7.0':
    optional: true

  '@pnpm/exe.linux-x64-musl@12.7.0':
    optional: true

  '@pnpm/exe.linux-x64@12.7.0':
    optional: true

  '@pnpm/exe.win32-arm64@12.7.0':
    optional: true

  '@pnpm/exe.win32-x64@12.7.0':
    optional: true

  pnpm@12.7.0:
    optionalDependencies:
      '@pnpm/exe.android-arm64': 12.7.0
      '@pnpm/exe.android-x64': 12.7.0
      '@pnpm/exe.darwin-arm64': 12.7.0
      '@pnpm/exe.darwin-x64': 12.7.0
      '@pnpm/exe.freebsd-x64': 12.7.0
      '@pnpm/exe.linux-arm64': 12.7.0
      '@pnpm/exe.linux-arm64-musl': 12.7.0
      '@pnpm/exe.linux-ppc64': 12.7.0
      '@pnpm/exe.linux-riscv64': 12.7.0
      '@pnpm/exe.linux-s390x': 12.7.0
      '@pnpm/exe.linux-x64': 12.7.0
      '@pnpm/exe.linux-x64-musl': 12.7.0
      '@pnpm/exe.win32-arm64': 12.7.0
      '@pnpm/exe.win32-x64': 12.7.0

---
lockfileVersion: '9.0'

settings:
  autoInstallPeers: true
  excludeLinksFromLockfile: false

importers:

  .:
    devDependencies:
      husky:
        specifier: 9.1.7
        version: 9.1.7
      lint-staged:
        specifier: 17.6.0
        version: 17.6.0
      npm-run-all2:
        specifier: 9.0.3
        version: 9.0.3
      prettier:
        specifier: 3.9.9
        version: 3.9.9
      prettier-plugin-packagejson:
        specifier: 3.0.2
        version: 3.0.2(prettier@3.9.9)

packages:

  ansi-styles@7.0.0:
    resolution: {integrity: sha512-kKvt3m4uwzqL0wlkPd09CmljPJGOZZ4D0fP65sqFSvPkMRKhNi+74MgIJ5QxE6SxqB4t4KyUFGg8+n5zjo6hew==}
    engines: {node: '>=22'}

  cross-spawn@7.0.6:
    resolution: {integrity: sha512-uV2QOWP2nWzsy2aMp8aRibhi9dlzF5Hgh5SHaB9OiTGEyDTiJJyx0uy51QXdyWbtAHNua4XJzUKca3OzKUd3vA==}
    engines: {node: '>= 8'}

  detect-indent@7.0.2:
    resolution: {integrity: sha512-y+8xyqdGLL+6sh0tVeHcfP/QDd8gUgbasolJJpY7NgeQGSZ739bDtSiaiDgtoicy+mtYB81dKLxO9xRhCyIB3A==}
    engines: {node: '>=12.20'}

  detect-newline@4.0.1:
    resolution: {integrity: sha512-qE3Veg1YXzGHQhlA6jzebZN2qVf6NX+A7m7qlhCGG30dJixrAQhYOsJjsnBjJkCSmuOPpCk30145fr8FV0bzog==}
    engines: {node: ^12.20.0 || ^14.13.1 || >=16.0.0}

  fdir@6.5.0:
    resolution: {integrity: sha512-tIbYtZbucOs0BRGqPJkshJUYdL+SDH7dVM8gjy+ERp3WAUjLEFJE+02kanyHtwjWOnwrKYBiwAmM0p4kLJAnXg==}
    engines: {node: '>=12.0.0'}
    peerDependencies:
      picomatch: ^3 || ^4
    peerDependenciesMeta:
      picomatch:
        optional: true

  git-hooks-list@4.2.1:
    resolution: {integrity: sha512-WNvqJjOxxs/8ZP9+DWdwWJ7cDsd60NHf39XnD82pDVrKO5q7xfPqpkK6hwEAmBa/ZSEE4IOoR75EzbbIuwGlMw==}

  husky@9.1.7:
    resolution: {integrity: sha512-5gs5ytaNjBrh5Ow3zrvdUUY+0VxIuWVL4i9irt6friV+BqdCfmV11CQTWMiBYWHbXhco+J1kHfTOUkePhCDvMA==}
    engines: {node: '>=18'}
    hasBin: true

  is-plain-obj@4.1.0:
    resolution: {integrity: sha512-+Pgi+vMuUNkJyExiMBt5IlFoMyKnr5zhJ4Uspz58WOhBF5QoIZkFyNHIbBAtHwzVAgk5RtndVNsDRN61/mmDqg==}
    engines: {node: '>=12'}

  isexe@2.0.0:
    resolution: {integrity: sha512-RHxMLp9lnKHGHRng9QFhRCMbYAcVpn69smSGcq3f36xjgVVWThj4qqLbTLlq7Ssj8B+fIQ1EuCEGI2lKsyQeIw==}

  isexe@4.0.0:
    resolution: {integrity: sha512-FFUtZMpoZ8RqHS3XeXEmHWLA4thH+ZxCv2lOiPIn1Xc7CxrqhWzNSDzD+/chS/zbYezmiwWLdQC09JdQKmthOw==}
    engines: {node: '>=20'}

  json-parse-even-better-errors@6.0.0:
    resolution: {integrity: sha512-2/8adwnK1/+Fdjyts4r6wSpfANWw8zdNhU9U/Llk59c6O+DjSisPWPykwoL8gZmocP9Dy64S7oie2g+Mia123A==}
    engines: {node: ^22.22.2 || ^24.15.0 || >=26.0.0}

  lint-staged@17.6.0:
    resolution: {integrity: sha512-nOhBfYkZEwkFtNzD5pK9s9LkcWoxJ+whLzEnhqi9nl7zTB5n7tg8+9iYgMGx2Wm3VlLu8cbNj0RACzY+nWi5iQ==}
    engines: {node: '>=22.22.1'}
    hasBin: true

  memorystream@0.3.1:
    resolution: {integrity: sha512-S3UwM3yj5mtUSEfP41UZmt/0SCoVYUcU1rkXv+BQ5Ig8ndL4sPoJNBUJERafdPb5jjHJGuMgytgKvKIf58XNBw==}
    engines: {node: '>= 0.10.0'}

  npm-normalize-package-bin@6.0.0:
    resolution: {integrity: sha512-tdt4aFn9QamlhdN3HV2D2ccpBwO5/fyjjbXUxYA6uBjyekMZcZvDq0aSj9t5Jo+tih6AYFnt/cuIRn9013e0Uw==}
    engines: {node: ^22.22.2 || ^24.15.0 || >=26.0.0}

  npm-run-all2@9.0.3:
    resolution: {integrity: sha512-BQAEdU1PtYc48qYRdghW2BVTQT3VqWCoFQmO87NlM1h1PYwMCKQpUWaNyB20V26caNzFsXQDfyOdznLlHCih6g==}
    engines: {node: ^22.22.2 || ^24.15.0 || >=26.0.0, npm: '>= 10'}
    hasBin: true

  path-key@3.1.1:
    resolution: {integrity: sha512-ojmeN0qd+y0jszEtoY48r0Peq5dwMEkIlCOu6Q5f41lfkswXuKtYrhgoTpLnyIcHm24Uhqx+5Tqm2InSwLhE6Q==}
    engines: {node: '>=8'}

  picomatch@4.0.7:
    resolution: {integrity: sha512-qcJu88Q2IWqJsDD529JKMdwGm/dvInW4HvQnRwiH9JtihJvzGOscDtHE3x1pBKeUOTysQ8kVmLnJ2kJu7yhcGA==}
    engines: {node: '>=12'}

  pidtree@1.0.0:
    resolution: {integrity: sha512-avfAvjB9Dd0wdj3rjJX//yS+G79OO0KrS5pJHFJENjYGX6N4SMgEDBBI/yFy0lloOYSaC6XQxzpOAMPfSYFV/Q==}
    engines: {node: '>=18'}
    hasBin: true

  prettier-plugin-packagejson@3.0.2:
    resolution: {integrity: sha512-kmoj3hEynXwoHDo8ZhmWAIjRBoQWCDUVackiWfSDWdgD0rS3LGB61T9zoVbume/cotYdCoadUh4sqViAmXvpBQ==}
    peerDependencies:
      prettier: ^3
    peerDependenciesMeta:
      prettier:
        optional: true

  prettier@3.9.9:
    resolution: {integrity: sha512-Z/CJHIkdujO/OtN7nXUii0Rf3VT5SRuhjBA82Xvu2XhBUgX3nhP67T0LHceBdQLex7OOFGTox+Q5Yg8Jk2Qivg==}
    engines: {node: '>=14'}
    hasBin: true

  read-package-json-fast@6.0.0:
    resolution: {integrity: sha512-PNaGjoCnw9DBA2Kl8D+8po957z778q/HOPuY2u3Bkw/JO3eC8MDx7jn/PgMtSgpcBbs+6UOjDbwReGpXmRvs0g==}
    engines: {node: ^22.22.2 || ^24.15.0 || >=26.0.0}

  semver@7.8.5:
    resolution: {integrity: sha512-Y7/KDsb8LjooZpwaqGyulO6DQlksgCncchHGk+sZIY4SBvUocMBEFH5Ur1fI4dV+Jvl0w6cjvucaIi40puRioA==}
    engines: {node: '>=10'}
    hasBin: true

  shebang-command@2.0.0:
    resolution: {integrity: sha512-kHxr2zZpYtdmrN1qDjrrX/Z1rR1kG8Dx+gkpK1G4eXmvXswmcE1hTWBWYUzlraYw1/yZp6YuDY77YtvbN0dmDA==}
    engines: {node: '>=8'}

  shebang-regex@3.0.0:
    resolution: {integrity: sha512-7++dFhtcx3353uBaq8DDR4NuxBetBzC7ZQOhmTQInHEd6bSrXdiEyzCvG07Z44UYdLShWUyXt5M/yhz8ekcb1A==}
    engines: {node: '>=8'}

  shell-quote@1.10.0:
    resolution: {integrity: sha512-w1aiOKwKuRgtwAReIIj89puqg+I7GvX4IbLrvmhXbzQsj1+Zwi4VO3+fa6ZF91TWSjIxoEkKnMeHcLEODK5ZXA==}
    engines: {node: '>= 0.4'}

  sort-object-keys@2.1.0:
    resolution: {integrity: sha512-SOiEnthkJKPv2L6ec6HMwhUcN0/lppkeYuN1x63PbyPRrgSPIuBJCiYxYyvWRTtjMlOi14vQUCGUJqS6PLVm8g==}

  sort-package-json@3.7.1:
    resolution: {integrity: sha512-ssk1HG7whF8N/T1IsNAQrtHG5Cbdi0rAgRJZXYBr9hF5xaHnBNzUx/W6LcthEW7FhOwvZssbESZuO+GxssqAyA==}
    engines: {node: '>=20'}
    hasBin: true

  string-argv@0.3.2:
    resolution: {integrity: sha512-aqD2Q0144Z+/RqG52NeHEkZauTAUWJO8c6yTftGJKO3Tja5tUgIfmIl6kExvhtxSDP7fXB6DvzkfMpCd/F3G+Q==}
    engines: {node: '>=0.6.19'}

  tinyexec@1.3.1:
    resolution: {integrity: sha512-GCvB3aoys96IuDFBMcTB46JOR6mdMtAToqwiW8JlWhsoh1mhHi/xn9ss/Dg7N555GiJyEt2qzoG/NHCwM6h1EA==}
    engines: {node: '>=18'}

  tinyglobby@0.2.17:
    resolution: {integrity: sha512-wXR/dYpcqKmfWpEdZjiKJOwCNFndD0DMnrW/cYjVGttEkBfVgcLFHoNrlj47mjOVic9yyNu65alsgF4NQyTa2g==}
    engines: {node: '>=12.0.0'}

  which@2.0.2:
    resolution: {integrity: sha512-BLI3Tl1TW3Pvl70l3yq3Y64i+awpwXqsGBYWkkqMtnbXgrMD+yj7rhW0kuEDxzJaYXGjEW5ogapKNMEKNMjibA==}
    engines: {node: '>= 8'}
    hasBin: true

  which@7.0.0:
    resolution: {integrity: sha512-RancgH2dmbLdHl6LRhEqvklWMgl/Hdnun0Y90KhBOLkMefg8Qa7/Zel8Sm+8HEcP6DEjzsWzpkuBQEZok58isA==}
    engines: {node: ^22.22.2 || ^24.15.0 || >=26.0.0}
    hasBin: true

  yaml@2.9.1:
    resolution: {integrity: sha512-3NxN8+78OdzbT7C/WjGsyfPAtJaN3FNDsWxv7Y7mcDsT/oOmgW8BpyQQFFBnvZE3j9Y2Sdz1ULFLezL7Eb2yFw==}
    engines: {node: '>= 14.6'}
    hasBin: true

snapshots:

  ansi-styles@7.0.0: {}

  cross-spawn@7.0.6:
    dependencies:
      path-key: 3.1.1
      shebang-command: 2.0.0
      which: 2.0.2

  detect-indent@7.0.2: {}

  detect-newline@4.0.1: {}

  fdir@6.5.0(picomatch@4.0.7):
    optionalDependencies:
      picomatch: 4.0.7

  git-hooks-list@4.2.1: {}

  husky@9.1.7: {}

  is-plain-obj@4.1.0: {}

  isexe@2.0.0: {}

  isexe@4.0.0: {}

  json-parse-even-better-errors@6.0.0: {}

  lint-staged@17.6.0:
    dependencies:
      picomatch: 4.0.7
      string-argv: 0.3.2
      tinyexec: 1.3.1
    optionalDependencies:
      yaml: 2.9.1

  memorystream@0.3.1: {}

  npm-normalize-package-bin@6.0.0: {}

  npm-run-all2@9.0.3:
    dependencies:
      ansi-styles: 7.0.0
      cross-spawn: 7.0.6
      memorystream: 0.3.1
      picomatch: 4.0.7
      pidtree: 1.0.0
      read-package-json-fast: 6.0.0
      shell-quote: 1.10.0
      which: 7.0.0

  path-key@3.1.1: {}

  picomatch@4.0.7: {}

  pidtree@1.0.0: {}

  prettier-plugin-packagejson@3.0.2(prettier@3.9.9):
    dependencies:
      sort-package-json: 3.7.1
    optionalDependencies:
      prettier: 3.9.9

  prettier@3.9.9: {}

  read-package-json-fast@6.0.0:
    dependencies:
      json-parse-even-better-errors: 6.0.0
      npm-normalize-package-bin: 6.0.0

  semver@7.8.5: {}

  shebang-command@2.0.0:
    dependencies:
      shebang-regex: 3.0.0

  shebang-regex@3.0.0: {}

  shell-quote@1.10.0: {}

  sort-object-keys@2.1.0: {}

  sort-package-json@3.7.1:
    dependencies:
      detect-indent: 7.0.2
      detect-newline: 4.0.1
      git-hooks-list: 4.2.1
      is-plain-obj: 4.1.0
      semver: 7.8.5
      sort-object-keys: 2.1.0
      tinyglobby: 0.2.17

  string-argv@0.3.2: {}

  tinyexec@1.3.1: {}

  tinyglobby@0.2.17:
    dependencies:
      fdir: 6.5.0(picomatch@4.0.7)
      picomatch: 4.0.7

  which@2.0.2:
    dependencies:
      isexe: 2.0.0

  which@7.0.0:
    dependencies:
      isexe: 4.0.0

  yaml@2.9.1:
    optional: true
